// !$*UTF8*$!
{
	archiveVersion = 1;
	classes = {
	};
	objectVersion = 56;
	objects = {

/* Begin PBXBuildFile section */
		9D1BB85C2B8DDE9A00D826CA /* Chapter15App.swift in Sources */ = {isa = PBXBuildFile; fileRef = 9D1BB85B2B8DDE9A00D826CA /* Chapter15App.swift */; };
		9D1BB85E2B8DDE9A00D826CA /* ContentView.swift in Sources */ = {isa = PBXBuildFile; fileRef = 9D1BB85D2B8DDE9A00D826CA /* ContentView.swift */; };
		9D1BB8602B8DDE9C00D826CA /* Assets.xcassets in Resources */ = {isa = PBXBuildFile; fileRef = 9D1BB85F2B8DDE9C00D826CA /* Assets.xcassets */; };
		9D1BB8632B8DDE9C00D826CA /* Preview Assets.xcassets in Resources */ = {isa = PBXBuildFile; fileRef = 9D1BB8622B8DDE9C00D826CA /* Preview Assets.xcassets */; };
		9D1BB86B2B8DE6D900D826CA /* FilterKeyWord.swift in Sources */ = {isa = PBXBuildFile; fileRef = 9D1BB86A2B8DE6D900D826CA /* FilterKeyWord.swift */; };
		9D1BB86D2B8DE6E800D826CA /* ReaderViewModel.swift in Sources */ = {isa = PBXBuildFile; fileRef = 9D1BB86C2B8DE6E800D826CA /* ReaderViewModel.swift */; };
		9D1BB86F2B8DE6F700D826CA /* Settings.swift in Sources */ = {isa = PBXBuildFile; fileRef = 9D1BB86E2B8DE6F700D826CA /* Settings.swift */; };
		9D1BB8712B8DE70100D826CA /* Story.swift in Sources */ = {isa = PBXBuildFile; fileRef = 9D1BB8702B8DE70100D826CA /* Story.swift */; };
		9D1BB8742B8DE74E00D826CA /* API.swift in Sources */ = {isa = PBXBuildFile; fileRef = 9D1BB8732B8DE74E00D826CA /* API.swift */; };
		9D1BB8772B8DE77B00D826CA /* JSONFile.swift in Sources */ = {isa = PBXBuildFile; fileRef = 9D1BB8762B8DE77B00D826CA /* JSONFile.swift */; };
		9D1BB87A2B8DE7CF00D826CA /* AddKeywordView.swift in Sources */ = {isa = PBXBuildFile; fileRef = 9D1BB8792B8DE7CF00D826CA /* AddKeywordView.swift */; };
		9D1BB87C2B8DE80000D826CA /* ReaderView.swift in Sources */ = {isa = PBXBuildFile; fileRef = 9D1BB87B2B8DE80000D826CA /* ReaderView.swift */; };
		9D1BB87E2B8DE83E00D826CA /* SettingsView.swift in Sources */ = {isa = PBXBuildFile; fileRef = 9D1BB87D2B8DE83E00D826CA /* SettingsView.swift */; };
		9D1BB8812B8DE89700D826CA /* LargeInlineButton.swift in Sources */ = {isa = PBXBuildFile; fileRef = 9D1BB8802B8DE89700D826CA /* LargeInlineButton.swift */; };
		9D1BB8832B8DE8A700D826CA /* PostedBy.swift in Sources */ = {isa = PBXBuildFile; fileRef = 9D1BB8822B8DE8A700D826CA /* PostedBy.swift */; };
		9D1BB8852B8DE8B600D826CA /* TimeBadge.swift in Sources */ = {isa = PBXBuildFile; fileRef = 9D1BB8842B8DE8B600D826CA /* TimeBadge.swift */; };
		9D1BB8872B8DFB7E00D826CA /* AppDelegate.swift in Sources */ = {isa = PBXBuildFile; fileRef = 9D1BB8862B8DFB7E00D826CA /* AppDelegate.swift */; };
		9D1BB8892B8DFB8C00D826CA /* SceneDelegate.swift in Sources */ = {isa = PBXBuildFile; fileRef = 9D1BB8882B8DFB8C00D826CA /* SceneDelegate.swift */; };
/* End PBXBuildFile section */

/* Begin PBXFileReference section */
		9D1BB8582B8DDE9A00D826CA /* Chapter15.app */ = {isa = PBXFileReference; explicitFileType = wrapper.application; includeInIndex = 0; path = Chapter15.app; sourceTree = BUILT_PRODUCTS_DIR; };
		9D1BB85B2B8DDE9A00D826CA /* Chapter15App.swift */ = {isa = PBXFileReference; lastKnownFileType = sourcecode.swift; path = Chapter15App.swift; sourceTree = "<group>"; };
		9D1BB85D2B8DDE9A00D826CA /* ContentView.swift */ = {isa = PBXFileReference; lastKnownFileType = sourcecode.swift; path = ContentView.swift; sourceTree = "<group>"; };
		9D1BB85F2B8DDE9C00D826CA /* Assets.xcassets */ = {isa = PBXFileReference; lastKnownFileType = folder.assetcatalog; path = Assets.xcassets; sourceTree = "<group>"; };
		9D1BB8622B8DDE9C00D826CA /* Preview Assets.xcassets */ = {isa = PBXFileReference; lastKnownFileType = folder.assetcatalog; path = "Preview Assets.xcassets"; sourceTree = "<group>"; };
		9D1BB86A2B8DE6D900D826CA /* FilterKeyWord.swift */ = {isa = PBXFileReference; lastKnownFileType = sourcecode.swift; path = FilterKeyWord.swift; sourceTree = "<group>"; };
		9D1BB86C2B8DE6E800D826CA /* ReaderViewModel.swift */ = {isa = PBXFileReference; lastKnownFileType = sourcecode.swift; path = ReaderViewModel.swift; sourceTree = "<group>"; };
		9D1BB86E2B8DE6F700D826CA /* Settings.swift */ = {isa = PBXFileReference; lastKnownFileType = sourcecode.swift; path = Settings.swift; sourceTree = "<group>"; };
		9D1BB8702B8DE70100D826CA /* Story.swift */ = {isa = PBXFileReference; lastKnownFileType = sourcecode.swift; path = Story.swift; sourceTree = "<group>"; };
		9D1BB8732B8DE74E00D826CA /* API.swift */ = {isa = PBXFileReference; lastKnownFileType = sourcecode.swift; path = API.swift; sourceTree = "<group>"; };
		9D1BB8762B8DE77B00D826CA /* JSONFile.swift */ = {isa = PBXFileReference; lastKnownFileType = sourcecode.swift; path = JSONFile.swift; sourceTree = "<group>"; };
		9D1BB8792B8DE7CF00D826CA /* AddKeywordView.swift */ = {isa = PBXFileReference; lastKnownFileType = sourcecode.swift; path = AddKeywordView.swift; sourceTree = "<group>"; };
		9D1BB87B2B8DE80000D826CA /* ReaderView.swift */ = {isa = PBXFileReference; lastKnownFileType = sourcecode.swift; path = ReaderView.swift; sourceTree = "<group>"; };
		9D1BB87D2B8DE83E00D826CA /* SettingsView.swift */ = {isa = PBXFileReference; lastKnownFileType = sourcecode.swift; path = SettingsView.swift; sourceTree = "<group>"; };
		9D1BB8802B8DE89700D826CA /* LargeInlineButton.swift */ = {isa = PBXFileReference; lastKnownFileType = sourcecode.swift; path = LargeInlineButton.swift; sourceTree = "<group>"; };
		9D1BB8822B8DE8A700D826CA /* PostedBy.swift */ = {isa = PBXFileReference; lastKnownFileType = sourcecode.swift; path = PostedBy.swift; sourceTree = "<group>"; };
		9D1BB8842B8DE8B600D826CA /* TimeBadge.swift */ = {isa = PBXFileReference; lastKnownFileType = sourcecode.swift; path = TimeBadge.swift; sourceTree = "<group>"; };
		9D1BB8862B8DFB7E00D826CA /* AppDelegate.swift */ = {isa = PBXFileReference; lastKnownFileType = sourcecode.swift; path = AppDelegate.swift; sourceTree = "<group>"; };
		9D1BB8882B8DFB8C00D826CA /* SceneDelegate.swift */ = {isa = PBXFileReference; lastKnownFileType = sourcecode.swift; path = SceneDelegate.swift; sourceTree = "<group>"; };
/* End PBXFileReference section */

/* Begin PBXFrameworksBuildPhase section */
		9D1BB8552B8DDE9A00D826CA /* Frameworks */ = {
			isa = PBXFrameworksBuildPhase;
			buildActionMask = 2147483647;
			files = (
			);
			runOnlyForDeploymentPostprocessing = 0;
		};
/* End PBXFrameworksBuildPhase section */

/* Begin PBXGroup section */
		9D1BB84F2B8DDE9A00D826CA = {
			isa = PBXGroup;
			children = (
				9D1BB85A2B8DDE9A00D826CA /* Chapter15 */,
				9D1BB8592B8DDE9A00D826CA /* Products */,
			);
			sourceTree = "<group>";
		};
		9D1BB8592B8DDE9A00D826CA /* Products */ = {
			isa = PBXGroup;
			children = (
				9D1BB8582B8DDE9A00D826CA /* Chapter15.app */,
			);
			name = Products;
			sourceTree = "<group>";
		};
		9D1BB85A2B8DDE9A00D826CA /* Chapter15 */ = {
			isa = PBXGroup;
			children = (
				9D1BB8782B8DE79600D826CA /* Views */,
				9D1BB8752B8DE76B00D826CA /* Util */,
				9D1BB8722B8DE73C00D826CA /* Network */,
				9D1BB8692B8DE6C300D826CA /* Model */,
				9D1BB85B2B8DDE9A00D826CA /* Chapter15App.swift */,
				9D1BB85D2B8DDE9A00D826CA /* ContentView.swift */,
				9D1BB8862B8DFB7E00D826CA /* AppDelegate.swift */,
				9D1BB8882B8DFB8C00D826CA /* SceneDelegate.swift */,
				9D1BB85F2B8DDE9C00D826CA /* Assets.xcassets */,
				9D1BB8612B8DDE9C00D826CA /* Preview Content */,
			);
			path = Chapter15;
			sourceTree = "<group>";
		};
		9D1BB8612B8DDE9C00D826CA /* Preview Content */ = {
			isa = PBXGroup;
			children = (
				9D1BB8622B8DDE9C00D826CA /* Preview Assets.xcassets */,
			);
			path = "Preview Content";
			sourceTree = "<group>";
		};
		9D1BB8692B8DE6C300D826CA /* Model */ = {
			isa = PBXGroup;
			children = (
				9D1BB86A2B8DE6D900D826CA /* FilterKeyWord.swift */,
				9D1BB86C2B8DE6E800D826CA /* ReaderViewModel.swift */,
				9D1BB86E2B8DE6F700D826CA /* Settings.swift */,
				9D1BB8702B8DE70100D826CA /* Story.swift */,
			);
			path = Model;
			sourceTree = "<group>";
		};
		9D1BB8722B8DE73C00D826CA /* Network */ = {
			isa = PBXGroup;
			children = (
				9D1BB8732B8DE74E00D826CA /* API.swift */,
			);
			path = Network;
			sourceTree = "<group>";
		};
		9D1BB8752B8DE76B00D826CA /* Util */ = {
			isa = PBXGroup;
			children = (
				9D1BB8762B8DE77B00D826CA /* JSONFile.swift */,
			);
			path = Util;
			sourceTree = "<group>";
		};
		9D1BB8782B8DE79600D826CA /* Views */ = {
			isa = PBXGroup;
			children = (
				9D1BB87F2B8DE87600D826CA /* Helpers */,
				9D1BB8792B8DE7CF00D826CA /* AddKeywordView.swift */,
				9D1BB87B2B8DE80000D826CA /* ReaderView.swift */,
				9D1BB87D2B8DE83E00D826CA /* SettingsView.swift */,
			);
			path = Views;
			sourceTree = "<group>";
		};
		9D1BB87F2B8DE87600D826CA /* Helpers */ = {
			isa = PBXGroup;
			children = (
				9D1BB8802B8DE89700D826CA /* LargeInlineButton.swift */,
				9D1BB8822B8DE8A700D826CA /* PostedBy.swift */,
				9D1BB8842B8DE8B600D826CA /* TimeBadge.swift */,
			);
			path = Helpers;
			sourceTree = "<group>";
		};
/* End PBXGroup section */

/* Begin PBXNativeTarget section */
		9D1BB8572B8DDE9A00D826CA /* Chapter15 */ = {
			isa = PBXNativeTarget;
			buildConfigurationList = 9D1BB8662B8DDE9C00D826CA /* Build configuration list for PBXNativeTarget "Chapter15" */;
			buildPhases = (
				9D1BB8542B8DDE9A00D826CA /* Sources */,
				9D1BB8552B8DDE9A00D826CA /* Frameworks */,
				9D1BB8562B8DDE9A00D826CA /* Resources */,
			);
			buildRules = (
			);
			dependencies = (
			);
			name = Chapter15;
			productName = Chapter15;
			productReference = 9D1BB8582B8DDE9A00D826CA /* Chapter15.app */;
			productType = "com.apple.product-type.application";
		};
/* End PBXNativeTarget section */

/* Begin PBXProject section */
		9D1BB8502B8DDE9A00D826CA /* Project object */ = {
			isa = PBXProject;
			attributes = {
				BuildIndependentTargetsInParallel = 1;
				LastSwiftUpdateCheck = 1500;
				LastUpgradeCheck = 1500;
				TargetAttributes = {
					9D1BB8572B8DDE9A00D826CA = {
						CreatedOnToolsVersion = 15.0.1;
					};
				};
			};
			buildConfigurationList = 9D1BB8532B8DDE9A00D826CA /* Build configuration list for PBXProject "Chapter15" */;
			compatibilityVersion = "Xcode 14.0";
			developmentRegion = en;
			hasScannedForEncodings = 0;
			knownRegions = (
				en,
				Base,
			);
			mainGroup = 9D1BB84F2B8DDE9A00D826CA;
			productRefGroup = 9D1BB8592B8DDE9A00D826CA /* Products */;
			projectDirPath = "";
			projectRoot = "";
			targets = (
				9D1BB8572B8DDE9A00D826CA /* Chapter15 */,
			);
		};
/* End PBXProject section */

/* Begin PBXResourcesBuildPhase section */
		9D1BB8562B8DDE9A00D826CA /* Resources */ = {
			isa = PBXResourcesBuildPhase;
			buildActionMask = 2147483647;
			files = (
				9D1BB8632B8DDE9C00D826CA /* Preview Assets.xcassets in Resources */,
				9D1BB8602B8DDE9C00D826CA /* Assets.xcassets in Resources */,
			);
			runOnlyForDeploymentPostprocessing = 0;
		};
/* End PBXResourcesBuildPhase section */

/* Begin PBXSourcesBuildPhase section */
		9D1BB8542B8DDE9A00D826CA /* Sources */ = {
			isa = PBXSourcesBuildPhase;
			buildActionMask = 2147483647;
			files = (
				9D1BB8812B8DE89700D826CA /* LargeInlineButton.swift in Sources */,
				9D1BB86B2B8DE6D900D826CA /* FilterKeyWord.swift in Sources */,
				9D1BB87C2B8DE80000D826CA /* ReaderView.swift in Sources */,
				9D1BB8872B8DFB7E00D826CA /* AppDelegate.swift in Sources */,
				9D1BB85E2B8DDE9A00D826CA /* ContentView.swift in Sources */,
				9D1BB85C2B8DDE9A00D826CA /* Chapter15App.swift in Sources */,
				9D1BB8772B8DE77B00D826CA /* JSONFile.swift in Sources */,
				9D1BB8892B8DFB8C00D826CA /* SceneDelegate.swift in Sources */,
				9D1BB8852B8DE8B600D826CA /* TimeBadge.swift in Sources */,
				9D1BB86D2B8DE6E800D826CA /* ReaderViewModel.swift in Sources */,
				9D1BB87A2B8DE7CF00D826CA /* AddKeywordView.swift in Sources */,
				9D1BB86F2B8DE6F700D826CA /* Settings.swift in Sources */,
				9D1BB8712B8DE70100D826CA /* Story.swift in Sources */,
				9D1BB8832B8DE8A700D826CA /* PostedBy.swift in Sources */,
				9D1BB8742B8DE74E00D826CA /* API.swift in Sources */,
				9D1BB87E2B8DE83E00D826CA /* SettingsView.swift in Sources */,
			);
			runOnlyForDeploymentPostprocessing = 0;
		};
/* End PBXSourcesBuildPhase section */

/* Begin XCBuildConfiguration section */
		9D1BB8642B8DDE9C00D826CA /* Debug */ = {
			isa = XCBuildConfiguration;
			buildSettings = {
				ALWAYS_SEARCH_USER_PATHS = NO;
				ASSETCATALOG_COMPILER_GENERATE_SWIFT_ASSET_SYMBOL_EXTENSIONS = YES;
				CLANG_ANALYZER_NONNULL = YES;
				CLANG_ANALYZER_NUMBER_OBJECT_CONVERSION = YES_AGGRESSIVE;
				CLANG_CXX_LANGUAGE_STANDARD = "gnu++20";
				CLANG_ENABLE_MODULES = YES;
				CLANG_ENABLE_OBJC_ARC = YES;
				CLANG_ENABLE_OBJC_WEAK = YES;
				CLANG_WARN_BLOCK_CAPTURE_AUTORELEASING = YES;
				CLANG_WARN_BOOL_CONVERSION = YES;
				CLANG_WARN_COMMA = YES;
				CLANG_WARN_CONSTANT_CONVERSION = YES;
				CLANG_WARN_DEPRECATED_OBJC_IMPLEMENTATIONS = YES;
				CLANG_WARN_DIRECT_OBJC_ISA_USAGE = YES_ERROR;
				CLANG_WARN_DOCUMENTATION_COMMENTS = YES;
				CLANG_WARN_EMPTY_BODY = YES;
				CLANG_WARN_ENUM_CONVERSION = YES;
				CLANG_WARN_INFINITE_RECURSION = YES;
				CLANG_WARN_INT_CONVERSION = YES;
				CLANG_WARN_NON_LITERAL_NULL_CONVERSION = YES;
				CLANG_WARN_OBJC_IMPLICIT_RETAIN_SELF = YES;
				CLANG_WARN_OBJC_LITERAL_CONVERSION = YES;
				CLANG_WARN_OBJC_ROOT_CLASS = YES_ERROR;
				CLANG_WARN_QUOTED_INCLUDE_IN_FRAMEWORK_HEADER = YES;
				CLANG_WARN_RANGE_LOOP_ANALYSIS = YES;
				CLANG_WARN_STRICT_PROTOTYPES = YES;
				CLANG_WARN_SUSPICIOUS_MOVE = YES;
				CLANG_WARN_UNGUARDED_AVAILABILITY = YES_AGGRESSIVE;
				CLANG_WARN_UNREACHABLE_CODE = YES;
				CLANG_WARN__DUPLICATE_METHOD_MATCH = YES;
				COPY_PHASE_STRIP = NO;
				DEBUG_INFORMATION_FORMAT = dwarf;
				ENABLE_STRICT_OBJC_MSGSEND = YES;
				ENABLE_TESTABILITY = YES;
				ENABLE_USER_SCRIPT_SANDBOXING = YES;
				GCC_C_LANGUAGE_STANDARD = gnu17;
				GCC_DYNAMIC_NO_PIC = NO;
				GCC_NO_COMMON_BLOCKS = YES;
				GCC_OPTIMIZATION_LEVEL = 0;
				GCC_PREPROCESSOR_DEFINITIONS = (
					"DEBUG=1",
					"$(inherited)",
				);
				GCC_WARN_64_TO_32_BIT_CONVERSION = YES;
				GCC_WARN_ABOUT_RETURN_TYPE = YES_ERROR;
				GCC_WARN_UNDECLARED_SELECTOR = YES;
				GCC_WARN_UNINITIALIZED_AUTOS = YES_AGGRESSIVE;
				GCC_WARN_UNUSED_FUNCTION = YES;
				GCC_WARN_UNUSED_VARIABLE = YES;
				IPHONEOS_DEPLOYMENT_TARGET = 17.0;
				LOCALIZATION_PREFERS_STRING_CATALOGS = YES;
				MTL_ENABLE_DEBUG_INFO = INCLUDE_SOURCE;
				MTL_FAST_MATH = YES;
				ONLY_ACTIVE_ARCH = YES;
				SDKROOT = iphoneos;
				SWIFT_ACTIVE_COMPILATION_CONDITIONS = "DEBUG $(inherited)";
				SWIFT_OPTIMIZATION_LEVEL = "-Onone";
			};
			name = Debug;
		};
		9D1BB8652B8DDE9C00D826CA /* Release */ = {
			isa = XCBuildConfiguration;
			buildSettings = {
				ALWAYS_SEARCH_USER_PATHS = NO;
				ASSETCATALOG_COMPILER_GENERATE_SWIFT_ASSET_SYMBOL_EXTENSIONS = YES;
				CLANG_ANALYZER_NONNULL = YES;
				CLANG_ANALYZER_NUMBER_OBJECT_CONVERSION = YES_AGGRESSIVE;
				CLANG_CXX_LANGUAGE_STANDARD = "gnu++20";
				CLANG_ENABLE_MODULES = YES;
				CLANG_ENABLE_OBJC_ARC = YES;
				CLANG_ENABLE_OBJC_WEAK = YES;
				CLANG_WARN_BLOCK_CAPTURE_AUTORELEASING = YES;
				CLANG_WARN_BOOL_CONVERSION = YES;
				CLANG_WARN_COMMA = YES;
				CLANG_WARN_CONSTANT_CONVERSION = YES;
				CLANG_WARN_DEPRECATED_OBJC_IMPLEMENTATIONS = YES;
				CLANG_WARN_DIRECT_OBJC_ISA_USAGE = YES_ERROR;
				CLANG_WARN_DOCUMENTATION_COMMENTS = YES;
				CLANG_WARN_EMPTY_BODY = YES;
				CLANG_WARN_ENUM_CONVERSION = YES;
				CLANG_WARN_INFINITE_RECURSION = YES;
				CLANG_WARN_INT_CONVERSION = YES;
				CLANG_WARN_NON_LITERAL_NULL_CONVERSION = YES;
				CLANG_WARN_OBJC_IMPLICIT_RETAIN_SELF = YES;
				CLANG_WARN_OBJC_LITERAL_CONVERSION = YES;
				CLANG_WARN_OBJC_ROOT_CLASS = YES_ERROR;
				CLANG_WARN_QUOTED_INCLUDE_IN_FRAMEWORK_HEADER = YES;
				CLANG_WARN_RANGE_LOOP_ANALYSIS = YES;
				CLANG_WARN_STRICT_PROTOTYPES = YES;
				CLANG_WARN_SUSPICIOUS_MOVE = YES;
				CLANG_WARN_UNGUARDED_AVAILABILITY = YES_AGGRESSIVE;
				CLANG_WARN_UNREACHABLE_CODE = YES;
				CLANG_WARN__DUPLICATE_METHOD_MATCH = YES;
				COPY_PHASE_STRIP = NO;
				DEBUG_INFORMATION_FORMAT = "dwarf-with-dsym";
				ENABLE_NS_ASSERTIONS = NO;
				ENABLE_STRICT_OBJC_MSGSEND = YES;
				ENABLE_USER_SCRIPT_SANDBOXING = YES;
				GCC_C_LANGUAGE_STANDARD = gnu17;
				GCC_NO_COMMON_BLOCKS = YES;
				GCC_WARN_64_TO_32_BIT_CONVERSION = YES;
				GCC_WARN_ABOUT_RETURN_TYPE = YES_ERROR;
				GCC_WARN_UNDECLARED_SELECTOR = YES;
				GCC_WARN_UNINITIALIZED_AUTOS = YES_AGGRESSIVE;
				GCC_WARN_UNUSED_FUNCTION = YES;
				GCC_WARN_UNUSED_VARIABLE = YES;
				IPHONEOS_DEPLOYMENT_TARGET = 17.0;
				LOCALIZATION_PREFERS_STRING_CATALOGS = YES;
				MTL_ENABLE_DEBUG_INFO = NO;
				MTL_FAST_MATH = YES;
				SDKROOT = iphoneos;
				SWIFT_COMPILATION_MODE = wholemodule;
				VALIDATE_PRODUCT = YES;
			};
			name = Release;
		};
		9D1BB8672B8DDE9C00D826CA /* Debug */ = {
			isa = XCBuildConfiguration;
			buildSettings = {
				ASSETCATALOG_COMPILER_APPICON_NAME = AppIcon;
				ASSETCATALOG_COMPILER_GLOBAL_ACCENT_COLOR_NAME = AccentColor;
				CODE_SIGN_STYLE = Automatic;
				CURRENT_PROJECT_VERSION = 1;
				DEVELOPMENT_ASSET_PATHS = "\"Chapter15/Preview Content\"";
				ENABLE_PREVIEWS = YES;
				GENERATE_INFOPLIST_FILE = YES;
				INFOPLIST_KEY_UIApplicationSceneManifest_Generation = YES;
				INFOPLIST_KEY_UIApplicationSupportsIndirectInputEvents = YES;
				INFOPLIST_KEY_UILaunchScreen_Generation = YES;
				INFOPLIST_KEY_UISupportedInterfaceOrientations_iPad = "UIInterfaceOrientationPortrait UIInterfaceOrientationPortraitUpsideDown UIInterfaceOrientationLandscapeLeft UIInterfaceOrientationLandscapeRight";
				INFOPLIST_KEY_UISupportedInterfaceOrientations_iPhone = "UIInterfaceOrientationPortrait UIInterfaceOrientationLandscapeLeft UIInterfaceOrientationLandscapeRight";
				LD_RUNPATH_SEARCH_PATHS = (
					"$(inherited)",
					"@executable_path/Frameworks",
				);
				MARKETING_VERSION = 1.0;
				PRODUCT_BUNDLE_IDENTIFIER = com.akanksha.Chapter15;
				PRODUCT_NAME = "$(TARGET_NAME)";
				SWIFT_EMIT_LOC_STRINGS = YES;
				SWIFT_VERSION = 5.0;
				TARGETED_DEVICE_FAMILY = "1,2";
			};
			name = Debug;
		};
		9D1BB8682B8DDE9C00D826CA /* Release */ = {
			isa = XCBuildConfiguration;
			buildSettings = {
				ASSETCATALOG_COMPILER_APPICON_NAME = AppIcon;
				ASSETCATALOG_COMPILER_GLOBAL_ACCENT_COLOR_NAME = AccentColor;
				CODE_SIGN_STYLE = Automatic;
				CURRENT_PROJECT_VERSION = 1;
				DEVELOPMENT_ASSET_PATHS = "\"Chapter15/Preview Content\"";
				ENABLE_PREVIEWS = YES;
				GENERATE_INFOPLIST_FILE = YES;
				INFOPLIST_KEY_UIApplicationSceneManifest_Generation = YES;
				INFOPLIST_KEY_UIApplicationSupportsIndirectInputEvents = YES;
				INFOPLIST_KEY_UILaunchScreen_Generation = YES;
				INFOPLIST_KEY_UISupportedInterfaceOrientations_iPad = "UIInterfaceOrientationPortrait UIInterfaceOrientationPortraitUpsideDown UIInterfaceOrientationLandscapeLeft UIInterfaceOrientationLandscapeRight";
				INFOPLIST_KEY_UISupportedInterfaceOrientations_iPhone = "UIInterfaceOrientationPortrait UIInterfaceOrientationLandscapeLeft UIInterfaceOrientationLandscapeRight";
				LD_RUNPATH_SEARCH_PATHS = (
					"$(inherited)",
					"@executable_path/Frameworks",
				);
				MARKETING_VERSION = 1.0;
				PRODUCT_BUNDLE_IDENTIFIER = com.akanksha.Chapter15;
				PRODUCT_NAME = "$(TARGET_NAME)";
				SWIFT_EMIT_LOC_STRINGS = YES;
				SWIFT_VERSION = 5.0;
				TARGETED_DEVICE_FAMILY = "1,2";
			};
			name = Release;
		};
/* End XCBuildConfiguration section */

/* Begin XCConfigurationList section */
		9D1BB8532B8DDE9A00D826CA /* Build configuration list for PBXProject "Chapter15" */ = {
			isa = XCConfigurationList;
			buildConfigurations = (
				9D1BB8642B8DDE9C00D826CA /* Debug */,
				9D1BB8652B8DDE9C00D826CA /* Release */,
			);
			defaultConfigurationIsVisible = 0;
			defaultConfigurationName = Release;
		};
		9D1BB8662B8DDE9C00D826CA /* Build configuration list for PBXNativeTarget "Chapter15" */ = {
			isa = XCConfigurationList;
			buildConfigurations = (
				9D1BB8672B8DDE9C00D826CA /* Debug */,
				9D1BB8682B8DDE9C00D826CA /* Release */,
			);
			defaultConfigurationIsVisible = 0;
			defaultConfigurationName = Release;
		};
/* End XCConfigurationList section */
	};
	rootObject = 9D1BB8502B8DDE9A00D826CA /* Project object */;
}
